{
  "name": "server",
  "lockfileVersion": 3,
  "requires": true,
  "packages": {
    "": {
      "dependencies": {
        "@spruceid/didkit-wasm": "^0.2.1"
      }
    },
    "node_modules/@spruceid/didkit-wasm": {
      "version": "0.2.1",
      "resolved": "https://registry.npmjs.org/@spruceid/didkit-wasm/-/didkit-wasm-0.2.1.tgz",
      "integrity": "sha512-Qi0ZVS2vNA6iVwOzfIdyVQSj1Q88DgV0HyjnQGZ84YsrjaxbCSPwyhZs3TBzUGKwvoyiGCvWohYnL0G3BsPEMQ=="
    }
  }
}
